
Microsoft Visual Studio Solution File, Format Version 12.00
# Visual Studio Version 17
VisualStudioVersion = 17.11.35303.130
MinimumVisualStudioVersion = 10.0.40219.1
Project("{9A19103F-16F7-4668-BE54-9A1E7A4F7556}") = "Karamanaf.MathGame", "Karaman.MathGame\Karamanaf.MathGame.csproj", "{F72DCC29-9524-4486-BD8F-E0A90FC9B5F4}"
EndProject
Global
	GlobalSection(SolutionConfigurationPlatforms) = preSolution
		Debug|Any CPU = Debug|Any CPU
		Release|Any CPU = Release|Any CPU
	EndGlobalSection
	GlobalSection(ProjectConfigurationPlatforms) = postSolution
		{F72DCC29-9524-4486-BD8F-E0A90FC9B5F4}.Debug|Any CPU.ActiveCfg = Debug|Any CPU
		{F72DCC29-9524-4486-BD8F-E0A90FC9B5F4}.Debug|Any CPU.Build.0 = Debug|Any CPU
		{F72DCC29-9524-4486-BD8F-E0A90FC9B5F4}.Release|Any CPU.ActiveCfg = Release|Any CPU
		{F72DCC29-9524-4486-BD8F-E0A90FC9B5F4}.Release|Any CPU.Build.0 = Release|Any CPU
	EndGlobalSection
	GlobalSection(SolutionProperties) = preSolution
		HideSolutionNode = FALSE
	EndGlobalSection
	GlobalSection(ExtensibilityGlobals) = postSolution
		SolutionGuid = {9D72400B-B698-42CE-85D4-C6B791CB07F8}
	EndGlobalSection
EndGlobal
